
Microsoft Visual Studio Solution File, Format Version 12.00
# Visual Studio Version 16
VisualStudioVersion = 16.0.30907.101
MinimumVisualStudioVersion = 10.0.40219.1
Project("{FAE04EC0-301F-11D3-BF4B-00C04F79EFBC}") = "FiveFighters", "FiveFighters\FiveFighters.csproj", "{7FE61153-2AE6-4E79-86C3-8A3ABB4E0EE1}"
EndProject
Global
	GlobalSection(SolutionConfigurationPlatforms) = preSolution
		Debug|Any CPU = Debug|Any CPU
		Release|Any CPU = Release|Any CPU
	EndGlobalSection
	GlobalSection(ProjectConfigurationPlatforms) = postSolution
		{7FE61153-2AE6-4E79-86C3-8A3ABB4E0EE1}.Debug|Any CPU.ActiveCfg = Debug|Any CPU
		{7FE61153-2AE6-4E79-86C3-8A3ABB4E0EE1}.Debug|Any CPU.Build.0 = Debug|Any CPU
		{7FE61153-2AE6-4E79-86C3-8A3ABB4E0EE1}.Release|Any CPU.ActiveCfg = Release|Any CPU
		{7FE61153-2AE6-4E79-86C3-8A3ABB4E0EE1}.Release|Any CPU.Build.0 = Release|Any CPU
	EndGlobalSection
	GlobalSection(SolutionProperties) = preSolution
		HideSolutionNode = FALSE
	EndGlobalSection
	GlobalSection(ExtensibilityGlobals) = postSolution
		SolutionGuid = {3390093C-6A7E-421F-B083-E736B64F5561}
	EndGlobalSection
EndGlobal
